
Microsoft Visual Studio Solution File, Format Version 12.00
# Visual Studio Version 16
VisualStudioVersion = 16.0.30523.141
MinimumVisualStudioVersion = 10.0.40219.1
Project("{FAE04EC0-301F-11D3-BF4B-00C04F79EFBC}") = "MatriculaEscolar", "MatriculaEscolar\MatriculaEscolar.csproj", "{DC27C03E-3CD5-4EAA-BB33-3DFEEB8E89DE}"
EndProject
Project("{2150E333-8FDC-42A3-9474-1A3956D46DE8}") = "WebResources", "WebResources", "{98E7A1AD-1E79-4444-A857-AB73EAEFE745}"
EndProject
Project("{2150E333-8FDC-42A3-9474-1A3956D46DE8}") = "AppBase", "AppBase", "{0BA98D08-8CFB-4BC9-A67B-C32C77F5FD73}"
EndProject
Project("{9A19103F-16F7-4668-BE54-9A1E7A4F7556}") = "LicenseControl", "LicenseControl\LicenseControl.csproj", "{14695747-7531-46C2-9B4E-9B475FB5D216}"
EndProject
Project("{9A19103F-16F7-4668-BE54-9A1E7A4F7556}") = "WelcomeControl", "WelcomeControl\WelcomeControl.csproj", "{8C2F4169-6810-422A-80AD-ED842B0162D3}"
EndProject
Project("{9A19103F-16F7-4668-BE54-9A1E7A4F7556}") = "DatabaseControl", "DatabaseControl\DatabaseControl.csproj", "{70B24799-BB07-40B7-A7FD-EF2B03658407}"
EndProject
Project("{9A19103F-16F7-4668-BE54-9A1E7A4F7556}") = "ModelsBaseApp", "ModelsBaseApp\ModelsBaseApp.csproj", "{7652A02F-F603-4EDE-AA81-546D6F8CB1BE}"
EndProject
Project("{9A19103F-16F7-4668-BE54-9A1E7A4F7556}") = "Herramientas", "..\Matricula\Herramientas\Herramientas.csproj", "{CC96DF1D-209F-4EC3-8551-0CF532A2463B}"
EndProject
Project("{FAE04EC0-301F-11D3-BF4B-00C04F79EFBC}") = "ToolsBaseApp", "ToolsBaseApp\ToolsBaseApp.csproj", "{CABFF65D-0BA8-40B5-B907-E07A350BCC2D}"
EndProject
Project("{FAE04EC0-301F-11D3-BF4B-00C04F79EFBC}") = "RestApiBaseApp", "RestApiBaseApp\RestApiBaseApp.csproj", "{E9C18BD7-6DA7-4C73-9623-81734C9C43A4}"
EndProject
Global
	GlobalSection(SolutionConfigurationPlatforms) = preSolution
		Debug|Any CPU = Debug|Any CPU
		Debug|x86 = Debug|x86
		Release|Any CPU = Release|Any CPU
		Release|x86 = Release|x86
	EndGlobalSection
	GlobalSection(ProjectConfigurationPlatforms) = postSolution
		{DC27C03E-3CD5-4EAA-BB33-3DFEEB8E89DE}.Debug|Any CPU.ActiveCfg = Debug|x86
		{DC27C03E-3CD5-4EAA-BB33-3DFEEB8E89DE}.Debug|x86.ActiveCfg = Debug|x86
		{DC27C03E-3CD5-4EAA-BB33-3DFEEB8E89DE}.Debug|x86.Build.0 = Debug|x86
		{DC27C03E-3CD5-4EAA-BB33-3DFEEB8E89DE}.Release|Any CPU.ActiveCfg = Release|x86
		{DC27C03E-3CD5-4EAA-BB33-3DFEEB8E89DE}.Release|x86.ActiveCfg = Release|x86
		{DC27C03E-3CD5-4EAA-BB33-3DFEEB8E89DE}.Release|x86.Build.0 = Release|x86
		{14695747-7531-46C2-9B4E-9B475FB5D216}.Debug|Any CPU.ActiveCfg = Debug|Any CPU
		{14695747-7531-46C2-9B4E-9B475FB5D216}.Debug|Any CPU.Build.0 = Debug|Any CPU
		{14695747-7531-46C2-9B4E-9B475FB5D216}.Debug|x86.ActiveCfg = Debug|Any CPU
		{14695747-7531-46C2-9B4E-9B475FB5D216}.Debug|x86.Build.0 = Debug|Any CPU
		{14695747-7531-46C2-9B4E-9B475FB5D216}.Release|Any CPU.ActiveCfg = Release|Any CPU
		{14695747-7531-46C2-9B4E-9B475FB5D216}.Release|Any CPU.Build.0 = Release|Any CPU
		{14695747-7531-46C2-9B4E-9B475FB5D216}.Release|x86.ActiveCfg = Release|Any CPU
		{14695747-7531-46C2-9B4E-9B475FB5D216}.Release|x86.Build.0 = Release|Any CPU
		{8C2F4169-6810-422A-80AD-ED842B0162D3}.Debug|Any CPU.ActiveCfg = Debug|Any CPU
		{8C2F4169-6810-422A-80AD-ED842B0162D3}.Debug|Any CPU.Build.0 = Debug|Any CPU
		{8C2F4169-6810-422A-80AD-ED842B0162D3}.Debug|x86.ActiveCfg = Debug|Any CPU
		{8C2F4169-6810-422A-80AD-ED842B0162D3}.Debug|x86.Build.0 = Debug|Any CPU
		{8C2F4169-6810-422A-80AD-ED842B0162D3}.Release|Any CPU.ActiveCfg = Release|Any CPU
		{8C2F4169-6810-422A-80AD-ED842B0162D3}.Release|Any CPU.Build.0 = Release|Any CPU
		{8C2F4169-6810-422A-80AD-ED842B0162D3}.Release|x86.ActiveCfg = Release|Any CPU
		{8C2F4169-6810-422A-80AD-ED842B0162D3}.Release|x86.Build.0 = Release|Any CPU
		{70B24799-BB07-40B7-A7FD-EF2B03658407}.Debug|Any CPU.ActiveCfg = Debug|Any CPU
		{70B24799-BB07-40B7-A7FD-EF2B03658407}.Debug|Any CPU.Build.0 = Debug|Any CPU
		{70B24799-BB07-40B7-A7FD-EF2B03658407}.Debug|x86.ActiveCfg = Debug|Any CPU
		{70B24799-BB07-40B7-A7FD-EF2B03658407}.Debug|x86.Build.0 = Debug|Any CPU
		{70B24799-BB07-40B7-A7FD-EF2B03658407}.Release|Any CPU.ActiveCfg = Release|Any CPU
		{70B24799-BB07-40B7-A7FD-EF2B03658407}.Release|Any CPU.Build.0 = Release|Any CPU
		{70B24799-BB07-40B7-A7FD-EF2B03658407}.Release|x86.ActiveCfg = Release|Any CPU
		{70B24799-BB07-40B7-A7FD-EF2B03658407}.Release|x86.Build.0 = Release|Any CPU
		{7652A02F-F603-4EDE-AA81-546D6F8CB1BE}.Debug|Any CPU.ActiveCfg = Debug|Any CPU
		{7652A02F-F603-4EDE-AA81-546D6F8CB1BE}.Debug|Any CPU.Build.0 = Debug|Any CPU
		{7652A02F-F603-4EDE-AA81-546D6F8CB1BE}.Debug|x86.ActiveCfg = Debug|Any CPU
		{7652A02F-F603-4EDE-AA81-546D6F8CB1BE}.Debug|x86.Build.0 = Debug|Any CPU
		{7652A02F-F603-4EDE-AA81-546D6F8CB1BE}.Release|Any CPU.ActiveCfg = Release|Any CPU
		{7652A02F-F603-4EDE-AA81-546D6F8CB1BE}.Release|Any CPU.Build.0 = Release|Any CPU
		{7652A02F-F603-4EDE-AA81-546D6F8CB1BE}.Release|x86.ActiveCfg = Release|Any CPU
		{7652A02F-F603-4EDE-AA81-546D6F8CB1BE}.Release|x86.Build.0 = Release|Any CPU
		{CC96DF1D-209F-4EC3-8551-0CF532A2463B}.Debug|Any CPU.ActiveCfg = Debug|Any CPU
		{CC96DF1D-209F-4EC3-8551-0CF532A2463B}.Debug|Any CPU.Build.0 = Debug|Any CPU
		{CC96DF1D-209F-4EC3-8551-0CF532A2463B}.Debug|x86.ActiveCfg = Debug|Any CPU
		{CC96DF1D-209F-4EC3-8551-0CF532A2463B}.Debug|x86.Build.0 = Debug|Any CPU
		{CC96DF1D-209F-4EC3-8551-0CF532A2463B}.Release|Any CPU.ActiveCfg = Release|Any CPU
		{CC96DF1D-209F-4EC3-8551-0CF532A2463B}.Release|Any CPU.Build.0 = Release|Any CPU
		{CC96DF1D-209F-4EC3-8551-0CF532A2463B}.Release|x86.ActiveCfg = Release|Any CPU
		{CC96DF1D-209F-4EC3-8551-0CF532A2463B}.Release|x86.Build.0 = Release|Any CPU
		{CABFF65D-0BA8-40B5-B907-E07A350BCC2D}.Debug|Any CPU.ActiveCfg = Debug|Any CPU
		{CABFF65D-0BA8-40B5-B907-E07A350BCC2D}.Debug|Any CPU.Build.0 = Debug|Any CPU
		{CABFF65D-0BA8-40B5-B907-E07A350BCC2D}.Debug|x86.ActiveCfg = Debug|Any CPU
		{CABFF65D-0BA8-40B5-B907-E07A350BCC2D}.Debug|x86.Build.0 = Debug|Any CPU
		{CABFF65D-0BA8-40B5-B907-E07A350BCC2D}.Release|Any CPU.ActiveCfg = Release|Any CPU
		{CABFF65D-0BA8-40B5-B907-E07A350BCC2D}.Release|Any CPU.Build.0 = Release|Any CPU
		{CABFF65D-0BA8-40B5-B907-E07A350BCC2D}.Release|x86.ActiveCfg = Release|Any CPU
		{CABFF65D-0BA8-40B5-B907-E07A350BCC2D}.Release|x86.Build.0 = Release|Any CPU
		{E9C18BD7-6DA7-4C73-9623-81734C9C43A4}.Debug|Any CPU.ActiveCfg = Debug|Any CPU
		{E9C18BD7-6DA7-4C73-9623-81734C9C43A4}.Debug|Any CPU.Build.0 = Debug|Any CPU
		{E9C18BD7-6DA7-4C73-9623-81734C9C43A4}.Debug|x86.ActiveCfg = Debug|Any CPU
		{E9C18BD7-6DA7-4C73-9623-81734C9C43A4}.Debug|x86.Build.0 = Debug|Any CPU
		{E9C18BD7-6DA7-4C73-9623-81734C9C43A4}.Release|Any CPU.ActiveCfg = Release|Any CPU
		{E9C18BD7-6DA7-4C73-9623-81734C9C43A4}.Release|Any CPU.Build.0 = Release|Any CPU
		{E9C18BD7-6DA7-4C73-9623-81734C9C43A4}.Release|x86.ActiveCfg = Release|Any CPU
		{E9C18BD7-6DA7-4C73-9623-81734C9C43A4}.Release|x86.Build.0 = Release|Any CPU
	EndGlobalSection
	GlobalSection(SolutionProperties) = preSolution
		HideSolutionNode = FALSE
	EndGlobalSection
	GlobalSection(NestedProjects) = preSolution
		{14695747-7531-46C2-9B4E-9B475FB5D216} = {0BA98D08-8CFB-4BC9-A67B-C32C77F5FD73}
		{8C2F4169-6810-422A-80AD-ED842B0162D3} = {0BA98D08-8CFB-4BC9-A67B-C32C77F5FD73}
		{70B24799-BB07-40B7-A7FD-EF2B03658407} = {0BA98D08-8CFB-4BC9-A67B-C32C77F5FD73}
		{7652A02F-F603-4EDE-AA81-546D6F8CB1BE} = {0BA98D08-8CFB-4BC9-A67B-C32C77F5FD73}
		{CC96DF1D-209F-4EC3-8551-0CF532A2463B} = {0BA98D08-8CFB-4BC9-A67B-C32C77F5FD73}
		{CABFF65D-0BA8-40B5-B907-E07A350BCC2D} = {0BA98D08-8CFB-4BC9-A67B-C32C77F5FD73}
		{E9C18BD7-6DA7-4C73-9623-81734C9C43A4} = {0BA98D08-8CFB-4BC9-A67B-C32C77F5FD73}
	EndGlobalSection
	GlobalSection(ExtensibilityGlobals) = postSolution
		SolutionGuid = {DAE3DD73-2FED-4252-A41F-1668ABE7C552}
	EndGlobalSection
EndGlobal
